
Microsoft Visual Studio Solution File, Format Version 12.00
Project("{FAE04EC0-301F-11D3-BF4B-00C04F79EFBC}") = "AppSamourai", "AppSamourai\AppSamourai.csproj", "{F93FFF83-921A-4A02-9E06-24720193DF64}"
EndProject
Project("{FAE04EC0-301F-11D3-BF4B-00C04F79EFBC}") = "BO", "BO\BO.csproj", "{108A081A-DEE6-4037-87FB-B1F422293B30}"
EndProject
Global
	GlobalSection(SolutionConfigurationPlatforms) = preSolution
		Debug|Any CPU = Debug|Any CPU
		Release|Any CPU = Release|Any CPU
	EndGlobalSection
	GlobalSection(ProjectConfigurationPlatforms) = postSolution
		{F93FFF83-921A-4A02-9E06-24720193DF64}.Debug|Any CPU.ActiveCfg = Debug|Any CPU
		{F93FFF83-921A-4A02-9E06-24720193DF64}.Debug|Any CPU.Build.0 = Debug|Any CPU
		{F93FFF83-921A-4A02-9E06-24720193DF64}.Release|Any CPU.ActiveCfg = Release|Any CPU
		{F93FFF83-921A-4A02-9E06-24720193DF64}.Release|Any CPU.Build.0 = Release|Any CPU
		{108A081A-DEE6-4037-87FB-B1F422293B30}.Debug|Any CPU.ActiveCfg = Debug|Any CPU
		{108A081A-DEE6-4037-87FB-B1F422293B30}.Debug|Any CPU.Build.0 = Debug|Any CPU
		{108A081A-DEE6-4037-87FB-B1F422293B30}.Release|Any CPU.ActiveCfg = Release|Any CPU
		{108A081A-DEE6-4037-87FB-B1F422293B30}.Release|Any CPU.Build.0 = Release|Any CPU
	EndGlobalSection
	GlobalSection(NestedProjects) = preSolution
	EndGlobalSection
EndGlobal
